
Microsoft Visual Studio Solution File, Format Version 12.00
# Visual Studio 15
VisualStudioVersion = 15.0.27703.2026
MinimumVisualStudioVersion = 10.0.40219.1
Project("{FAE04EC0-301F-11D3-BF4B-00C04F79EFBC}") = "csharp-practice", "csharp-practice\csharp-practice.csproj", "{ED466826-E618-4DA8-8902-16EE9E2CC848}"
EndProject
Global
	GlobalSection(SolutionConfigurationPlatforms) = preSolution
		Debug|Any CPU = Debug|Any CPU
		Release|Any CPU = Release|Any CPU
	EndGlobalSection
	GlobalSection(ProjectConfigurationPlatforms) = postSolution
		{ED466826-E618-4DA8-8902-16EE9E2CC848}.Debug|Any CPU.ActiveCfg = Debug|Any CPU
		{ED466826-E618-4DA8-8902-16EE9E2CC848}.Debug|Any CPU.Build.0 = Debug|Any CPU
		{ED466826-E618-4DA8-8902-16EE9E2CC848}.Release|Any CPU.ActiveCfg = Release|Any CPU
		{ED466826-E618-4DA8-8902-16EE9E2CC848}.Release|Any CPU.Build.0 = Release|Any CPU
	EndGlobalSection
	GlobalSection(SolutionProperties) = preSolution
		HideSolutionNode = FALSE
	EndGlobalSection
	GlobalSection(ExtensibilityGlobals) = postSolution
		SolutionGuid = {C36A8F9B-A626-47D3-B186-1139F527FED5}
	EndGlobalSection
EndGlobal
